{
  "name": "Amanda-live-voice-mode",
  "version": "0.1.0",
  "lockfileVersion": 3,
  "requires": true,
  "packages": {
    "": {
      "name": "Amanda-live-voice-mode",
      "version": "0.1.0",
      "dependencies": {
        "dotenv": "^17.4.2",
        "material-symbols": "^0.44.10"
      }
    },
    "node_modules/dotenv": {
      "version": "17.4.2",
      "resolved": "https://registry.npmjs.org/dotenv/-/dotenv-17.4.2.tgz",
      "integrity": "sha512-nI4U3TottKAcAD9LLud4Cb7b2QztQMUEfHbvhTH09bqXTxnSie8WnjPALV/WMCrJZ6UV/qHJ6L03OqO3LcdYZw==",
      "license": "BSD-2-Clause",
      "engines": {
        "node": ">=12"
      },
      "funding": {
        "url": "https://dotenvx.com"
      }
    },
    "node_modules/material-symbols": {
      "version": "0.44.10",
      "resolved": "https://registry.npmjs.org/material-symbols/-/material-symbols-0.44.10.tgz",
      "integrity": "sha512-N/sAHC6C6s/cBG+o64tjosppMw2sC/rqo4AhANG4GTpH2E0X1VaIy5P77Rehk1NcPg22JRIbr9aKQkbX/a8REQ==",
      "license": "Apache-2.0"
    }
  }
}
